
Microsoft Visual Studio Solution File, Format Version 12.00
# Visual Studio Version 17
VisualStudioVersion = 17.0.31903.59
MinimumVisualStudioVersion = 10.0.40219.1
Project("{FAE04EC0-301F-11D3-BF4B-00C04F79EFBC}") = "PomodoroApi", "PomodoroApi\PomodoroApi.csproj", "{47167DBF-64F2-4F69-B68E-F589F9802619}"
EndProject
Project("{FAE04EC0-301F-11D3-BF4B-00C04F79EFBC}") = "PomodoroApi.Contracts", "PomodoroApi.Contracts\PomodoroApi.Contracts.csproj", "{65CEFC8D-00CF-4160-AEF8-08AAEC7AE760}"
EndProject
Project("{FAE04EC0-301F-11D3-BF4B-00C04F79EFBC}") = "PomodoroApi.Tests", "PomodoroApi.Tests\PomodoroApi.Tests.csproj", "{0505CB21-A508-4471-9314-060B22D59A41}"
EndProject
Global
	GlobalSection(SolutionConfigurationPlatforms) = preSolution
		Debug|Any CPU = Debug|Any CPU
		Release|Any CPU = Release|Any CPU
	EndGlobalSection
	GlobalSection(SolutionProperties) = preSolution
		HideSolutionNode = FALSE
	EndGlobalSection
	GlobalSection(ProjectConfigurationPlatforms) = postSolution
		{47167DBF-64F2-4F69-B68E-F589F9802619}.Debug|Any CPU.ActiveCfg = Debug|Any CPU
		{47167DBF-64F2-4F69-B68E-F589F9802619}.Debug|Any CPU.Build.0 = Debug|Any CPU
		{47167DBF-64F2-4F69-B68E-F589F9802619}.Release|Any CPU.ActiveCfg = Release|Any CPU
		{47167DBF-64F2-4F69-B68E-F589F9802619}.Release|Any CPU.Build.0 = Release|Any CPU
		{65CEFC8D-00CF-4160-AEF8-08AAEC7AE760}.Debug|Any CPU.ActiveCfg = Debug|Any CPU
		{65CEFC8D-00CF-4160-AEF8-08AAEC7AE760}.Debug|Any CPU.Build.0 = Debug|Any CPU
		{65CEFC8D-00CF-4160-AEF8-08AAEC7AE760}.Release|Any CPU.ActiveCfg = Release|Any CPU
		{65CEFC8D-00CF-4160-AEF8-08AAEC7AE760}.Release|Any CPU.Build.0 = Release|Any CPU
		{0505CB21-A508-4471-9314-060B22D59A41}.Debug|Any CPU.ActiveCfg = Debug|Any CPU
		{0505CB21-A508-4471-9314-060B22D59A41}.Debug|Any CPU.Build.0 = Debug|Any CPU
		{0505CB21-A508-4471-9314-060B22D59A41}.Release|Any CPU.ActiveCfg = Release|Any CPU
		{0505CB21-A508-4471-9314-060B22D59A41}.Release|Any CPU.Build.0 = Release|Any CPU
	EndGlobalSection
EndGlobal
